{
  "name": "interactive-pseudo",
  "version": "0.1.0",
  "lockfileVersion": 3,
  "requires": true,
  "packages": {
    "": {
      "name": "interactive-pseudo",
      "version": "0.1.0",
      "license": "MIT",
      "workspaces": [
        "packages/*"
      ],
      "devDependencies": {
        "@types/node": "^24.8.1",
        "typescript": "^5.9.3"
      }
    },
    "node_modules/@interactive-pseudo/interpreter": {
      "resolved": "packages/interpreter",
      "link": true
    },
    "node_modules/@interactive-pseudo/parser": {
      "resolved": "packages/parser",
      "link": true
    },
    "node_modules/@types/antlr4": {
      "version": "4.11.6",
      "resolved": "https://registry.npmjs.org/@types/antlr4/-/antlr4-4.11.6.tgz",
      "integrity": "sha512-YtxtT6vYfLK6jC55zC4Pb2YwV6Z8exn4DbDlQgoSEc6VqlFZloi6bgm0AqZns/7U4XQCAVMhv/+vnGcfyCkPfg==",
      "dev": true,
      "license": "MIT"
    },
    "node_modules/@types/node": {
      "version": "24.8.1",
      "resolved": "https://registry.npmjs.org/@types/node/-/node-24.8.1.tgz",
      "integrity": "sha512-alv65KGRadQVfVcG69MuB4IzdYVpRwMG/mq8KWOaoOdyY617P5ivaDiMCGOFDWD2sAn5Q0mR3mRtUOgm99hL9Q==",
      "dev": true,
      "license": "MIT",
      "dependencies": {
        "undici-types": "~7.14.0"
      }
    },
    "node_modules/antlr4": {
      "version": "4.13.2",
      "resolved": "https://registry.npmjs.org/antlr4/-/antlr4-4.13.2.tgz",
      "integrity": "sha512-QiVbZhyy4xAZ17UPEuG3YTOt8ZaoeOR1CvEAqrEsDBsOqINslaB147i9xqljZqoyf5S+EUlGStaj+t22LT9MOg==",
      "license": "BSD-3-Clause",
      "engines": {
        "node": ">=16"
      }
    },
    "node_modules/typescript": {
      "version": "5.9.3",
      "resolved": "https://registry.npmjs.org/typescript/-/typescript-5.9.3.tgz",
      "integrity": "sha512-jl1vZzPDinLr9eUt3J/t7V6FgNEw9QjvBPdysz9KfQDD41fQrC2Y4vKQdiaUpFT4bXlb1RHhLpp8wtm6M5TgSw==",
      "dev": true,
      "license": "Apache-2.0",
      "bin": {
        "tsc": "bin/tsc",
        "tsserver": "bin/tsserver"
      },
      "engines": {
        "node": ">=14.17"
      }
    },
    "node_modules/undici-types": {
      "version": "7.14.0",
      "resolved": "https://registry.npmjs.org/undici-types/-/undici-types-7.14.0.tgz",
      "integrity": "sha512-QQiYxHuyZ9gQUIrmPo3IA+hUl4KYk8uSA7cHrcKd/l3p1OTpZcM0Tbp9x7FAtXdAYhlasd60ncPpgu6ihG6TOA==",
      "dev": true,
      "license": "MIT"
    },
    "packages/interpreter": {
      "name": "@interactive-pseudo/interpreter",
      "version": "0.1.0",
      "license": "ISC",
      "dependencies": {
        "@interactive-pseudo/parser": "*",
        "antlr4": "^4.13.2"
      },
      "devDependencies": {
        "@types/antlr4": "^4.11.6"
      }
    },
    "packages/parser": {
      "name": "@interactive-pseudo/parser",
      "version": "0.1.0",
      "license": "ISC",
      "dependencies": {
        "antlr4": "^4.13.2"
      },
      "devDependencies": {
        "@types/antlr4": "^4.11.6"
      }
    }
  }
}
